
Microsoft Visual Studio Solution File, Format Version 12.00
# Visual Studio Version 17
VisualStudioVersion = 17.6.33829.357
MinimumVisualStudioVersion = 10.0.40219.1
Project("{FAE04EC0-301F-11D3-BF4B-00C04F79EFBC}") = "SchedulerApi", "SchedulerApi.csproj", "{2E60C2BC-D05B-40D7-903D-0620A75B80F8}"
EndProject
Global
	GlobalSection(SolutionConfigurationPlatforms) = preSolution
		Debug|Any CPU = Debug|Any CPU
		Release|Any CPU = Release|Any CPU
	EndGlobalSection
	GlobalSection(ProjectConfigurationPlatforms) = postSolution
		{2E60C2BC-D05B-40D7-903D-0620A75B80F8}.Debug|Any CPU.ActiveCfg = Debug|Any CPU
		{2E60C2BC-D05B-40D7-903D-0620A75B80F8}.Debug|Any CPU.Build.0 = Debug|Any CPU
		{2E60C2BC-D05B-40D7-903D-0620A75B80F8}.Release|Any CPU.ActiveCfg = Release|Any CPU
		{2E60C2BC-D05B-40D7-903D-0620A75B80F8}.Release|Any CPU.Build.0 = Release|Any CPU
	EndGlobalSection
	GlobalSection(SolutionProperties) = preSolution
		HideSolutionNode = FALSE
	EndGlobalSection
	GlobalSection(ExtensibilityGlobals) = postSolution
		SolutionGuid = {F7E66A3C-7BD9-400D-8D6E-76019DDD074D}
	EndGlobalSection
EndGlobal
